Microsoft Visual Studio Solution File, Format Version 12.00
# Visual Studio 15
VisualStudioVersion = 15.0.27004.2006
MinimumVisualStudioVersion = 10.0.40219.1
Project("{E24C65DC-7377-472B-9ABA-BC803B73C61A}") = "http://localhost:81", "http://localhost:81", "{B38D5BF1-8652-4D26-807A-99852AC56A91}"
	ProjectSection(WebsiteProperties) = preProject
		UseIISExpress = "false"
		TargetFrameworkMoniker = ".NETFramework,Version%3Dv4.0"
		ProjectReferences = "{ACADB79E-9811-43F5-B82C-B15BD44BF93B}|SbrinnaCoreFramework.dll;{c05bf57e-b756-4d71-a669-5e0261cd1697}|GisoFramework.dll;"
		Debug.AspNetCompiler.VirtualPath = "/localhost_81"
		Debug.AspNetCompiler.PhysicalPath = "WEB\"
		Debug.AspNetCompiler.TargetPath = "PrecompiledWeb\localhost_81\"
		Debug.AspNetCompiler.Updateable = "true"
		Debug.AspNetCompiler.ForceOverwrite = "true"
		Debug.AspNetCompiler.FixedNames = "false"
		Debug.AspNetCompiler.Debug = "True"
		Release.AspNetCompiler.VirtualPath = "/localhost_81"
		Release.AspNetCompiler.PhysicalPath = "WEB\"
		Release.AspNetCompiler.TargetPath = "PrecompiledWeb\localhost_81\"
		Release.AspNetCompiler.Updateable = "true"
		Release.AspNetCompiler.ForceOverwrite = "true"
		Release.AspNetCompiler.FixedNames = "false"
		Release.AspNetCompiler.Debug = "False"
		SlnRelativePath = "WEB\"
	EndProjectSection
	ProjectSection(ProjectDependencies) = postProject
		{C05BF57E-B756-4D71-A669-5E0261CD1697} = {C05BF57E-B756-4D71-A669-5E0261CD1697}
	EndProjectSection
EndProject
Project("{FAE04EC0-301F-11D3-BF4B-00C04F79EFBC}") = "SbrinnaFramework", "SbrinnaFramework\SbrinnaFramework.csproj", "{ACADB79E-9811-43F5-B82C-B15BD44BF93B}"
EndProject
Project("{FAE04EC0-301F-11D3-BF4B-00C04F79EFBC}") = "GisoFramework", "GisoFramework\GisoFramework.csproj", "{C05BF57E-B756-4D71-A669-5E0261CD1697}"
EndProject
Project("{2150E333-8FDC-42A3-9474-1A3956D46DE8}") = "Solution Items", "Solution Items", "{EB802F83-E581-4C4B-9B16-7D00D66C9329}"
	ProjectSection(SolutionItems) = preProject
		GCop.json = GCop.json
	EndProjectSection
EndProject
Project("{2150E333-8FDC-42A3-9474-1A3956D46DE8}") = "DataBase", "DataBase", "{3E5E5AAD-7EAC-4222-8AAE-88882862D36E}"
EndProject
Project("{2150E333-8FDC-42A3-9474-1A3956D46DE8}") = "Tables", "Tables", "{299EB5F3-432C-4976-99BD-567077513E89}"
	ProjectSection(SolutionItems) = preProject
		DataBase\Tables\ActivityAction.sql = DataBase\Tables\ActivityAction.sql
		DataBase\Tables\ActivityLog.sql = DataBase\Tables\ActivityLog.sql
		DataBase\Tables\ActivityTarget.sql = DataBase\Tables\ActivityTarget.sql
		DataBase\Tables\ApplicationGrant.sql = DataBase\Tables\ApplicationGrant.sql
		DataBase\Tables\ApplicationItem.sql = DataBase\Tables\ApplicationItem.sql
		DataBase\Tables\ApplicationUser.sql = DataBase\Tables\ApplicationUser.sql
		DataBase\Tables\ApplicationUser2.sql = DataBase\Tables\ApplicationUser2.sql
		DataBase\Tables\ApplicationUserCompany.sql = DataBase\Tables\ApplicationUserCompany.sql
		DataBase\Tables\ApplicationUserSecurityGroupMembership.sql = DataBase\Tables\ApplicationUserSecurityGroupMembership.sql
		DataBase\Tables\Auditory.sql = DataBase\Tables\Auditory.sql
		DataBase\Tables\AuditoryCuestionarioFound.sql = DataBase\Tables\AuditoryCuestionarioFound.sql
		DataBase\Tables\AuditoryCuestionarioImprovement.sql = DataBase\Tables\AuditoryCuestionarioImprovement.sql
		DataBase\Tables\AuditoryCuestionarioObservations.sql = DataBase\Tables\AuditoryCuestionarioObservations.sql
		DataBase\Tables\AuditoryCuestionarioPregunta.sql = DataBase\Tables\AuditoryCuestionarioPregunta.sql
		DataBase\Tables\AuditoryPlanning.sql = DataBase\Tables\AuditoryPlanning.sql
		DataBase\Tables\BusinessRisk.sql = DataBase\Tables\BusinessRisk.sql
		DataBase\Tables\BusinessRisk2.sql = DataBase\Tables\BusinessRisk2.sql
		DataBase\Tables\BusinessRisk3.sql = DataBase\Tables\BusinessRisk3.sql
		DataBase\Tables\Cargos.sql = DataBase\Tables\Cargos.sql
		DataBase\Tables\Company.sql = DataBase\Tables\Company.sql
		DataBase\Tables\CompanyAddress.sql = DataBase\Tables\CompanyAddress.sql
		DataBase\Tables\CompanyCountries.sql = DataBase\Tables\CompanyCountries.sql
		DataBase\Tables\CostDefinition.sql = DataBase\Tables\CostDefinition.sql
		DataBase\Tables\CostImpactRange.sql = DataBase\Tables\CostImpactRange.sql
		DataBase\Tables\CountriesAvialables.sql = DataBase\Tables\CountriesAvialables.sql
		DataBase\Tables\Cuestionario.sql = DataBase\Tables\Cuestionario.sql
		DataBase\Tables\CuestionarioPregunta.sql = DataBase\Tables\CuestionarioPregunta.sql
		DataBase\Tables\Customer.sql = DataBase\Tables\Customer.sql
		DataBase\Tables\Department.sql = DataBase\Tables\Department.sql
		DataBase\Tables\Document.sql = DataBase\Tables\Document.sql
		DataBase\Tables\Document_Category.sql = DataBase\Tables\Document_Category.sql
		DataBase\Tables\DocumentAttach.sql = DataBase\Tables\DocumentAttach.sql
		DataBase\Tables\DocumentsStatus.sql = DataBase\Tables\DocumentsStatus.sql
		DataBase\Tables\DocumentsVersion.sql = DataBase\Tables\DocumentsVersion.sql
		DataBase\Tables\Employee.sql = DataBase\Tables\Employee.sql
		DataBase\Tables\EmployeeCargoAsignation.sql = DataBase\Tables\EmployeeCargoAsignation.sql
		DataBase\Tables\EmployeeSkills.sql = DataBase\Tables\EmployeeSkills.sql
		DataBase\Tables\EmployeeUserAsignation.sql = DataBase\Tables\EmployeeUserAsignation.sql
		DataBase\Tables\Equipment.sql = DataBase\Tables\Equipment.sql
		DataBase\Tables\EquipmentCalibrationAct.sql = DataBase\Tables\EquipmentCalibrationAct.sql
		DataBase\Tables\EquipmentCalibrationDefinition.sql = DataBase\Tables\EquipmentCalibrationDefinition.sql
		DataBase\Tables\EquipmentMaintenanceAct.sql = DataBase\Tables\EquipmentMaintenanceAct.sql
		DataBase\Tables\EquipmentMaintenanceAct_bak.sql = DataBase\Tables\EquipmentMaintenanceAct_bak.sql
		DataBase\Tables\EquipmentMaintenanceDefinition.sql = DataBase\Tables\EquipmentMaintenanceDefinition.sql
		DataBase\Tables\EquipmentMaintenanceDefinition2.sql = DataBase\Tables\EquipmentMaintenanceDefinition2.sql
		DataBase\Tables\EquipmentMaintenanceDefinition_bak.sql = DataBase\Tables\EquipmentMaintenanceDefinition_bak.sql
		DataBase\Tables\EquipmentRepair.sql = DataBase\Tables\EquipmentRepair.sql
		DataBase\Tables\EquipmentScaleDivision.sql = DataBase\Tables\EquipmentScaleDivision.sql
		DataBase\Tables\EquipmentVerificationAct.sql = DataBase\Tables\EquipmentVerificationAct.sql
		DataBase\Tables\EquipmentVerificationDefinition.sql = DataBase\Tables\EquipmentVerificationDefinition.sql
		DataBase\Tables\Incident.sql = DataBase\Tables\Incident.sql
		DataBase\Tables\IncidentAction.sql = DataBase\Tables\IncidentAction.sql
		DataBase\Tables\IncidentAction_bak.sql = DataBase\Tables\IncidentAction_bak.sql
		DataBase\Tables\IncidentActionCost.sql = DataBase\Tables\IncidentActionCost.sql
		DataBase\Tables\IncidentActionCost_back.sql = DataBase\Tables\IncidentActionCost_back.sql
		DataBase\Tables\IncidentActionType.sql = DataBase\Tables\IncidentActionType.sql
		DataBase\Tables\IncidentActionZombie.sql = DataBase\Tables\IncidentActionZombie.sql
		DataBase\Tables\IncidentCost.sql = DataBase\Tables\IncidentCost.sql
		DataBase\Tables\IncidentCost_bak.sql = DataBase\Tables\IncidentCost_bak.sql
		DataBase\Tables\Indicador.sql = DataBase\Tables\Indicador.sql
		DataBase\Tables\Indicador2.sql = DataBase\Tables\Indicador2.sql
		DataBase\Tables\IndicadorHistorico.sql = DataBase\Tables\IndicadorHistorico.sql
		DataBase\Tables\IndicadorObjetivo.sql = DataBase\Tables\IndicadorObjetivo.sql
		DataBase\Tables\IndicadorRegistro.sql = DataBase\Tables\IndicadorRegistro.sql
		DataBase\Tables\Learning.sql = DataBase\Tables\Learning.sql
		DataBase\Tables\LearningAssistant.sql = DataBase\Tables\LearningAssistant.sql
		DataBase\Tables\Logins.sql = DataBase\Tables\Logins.sql
		DataBase\Tables\Maintenance.sql = DataBase\Tables\Maintenance.sql
		DataBase\Tables\MaintenanceAction.sql = DataBase\Tables\MaintenanceAction.sql
		DataBase\Tables\MeasureUnit.sql = DataBase\Tables\MeasureUnit.sql
		DataBase\Tables\MenuShortcuts.sql = DataBase\Tables\MenuShortcuts.sql
		DataBase\Tables\Objetivo.sql = DataBase\Tables\Objetivo.sql
		DataBase\Tables\ObjetivoHistorico.sql = DataBase\Tables\ObjetivoHistorico.sql
		DataBase\Tables\ObjetivoRegistro.sql = DataBase\Tables\ObjetivoRegistro.sql
		DataBase\Tables\Oportunity.sql = DataBase\Tables\Oportunity.sql
		DataBase\Tables\ProbabilitySeverityRange.sql = DataBase\Tables\ProbabilitySeverityRange.sql
		DataBase\Tables\Procedencia.sql = DataBase\Tables\Procedencia.sql
		DataBase\Tables\Proceso.sql = DataBase\Tables\Proceso.sql
		DataBase\Tables\Proceso2.sql = DataBase\Tables\Proceso2.sql
		DataBase\Tables\ProcessType.sql = DataBase\Tables\ProcessType.sql
		DataBase\Tables\Provider.sql = DataBase\Tables\Provider.sql
		DataBase\Tables\RandomNewID.sql = DataBase\Tables\RandomNewID.sql
		DataBase\Tables\Repair.sql = DataBase\Tables\Repair.sql
		DataBase\Tables\Revision.sql = DataBase\Tables\Revision.sql
		DataBase\Tables\Rules.sql = DataBase\Tables\Rules.sql
		DataBase\Tables\RulesHistory.sql = DataBase\Tables\RulesHistory.sql
		DataBase\Tables\SecurityGroup.sql = DataBase\Tables\SecurityGroup.sql
		DataBase\Tables\Unidad.sql = DataBase\Tables\Unidad.sql
		DataBase\Tables\UploadFiles.sql = DataBase\Tables\UploadFiles.sql
		DataBase\Tables\UserShortCuts.sql = DataBase\Tables\UserShortCuts.sql
		DataBase\Tables\Z_IncidentAction_BACK.sql = DataBase\Tables\Z_IncidentAction_BACK.sql
	EndProjectSection
EndProject
Project("{2150E333-8FDC-42A3-9474-1A3956D46DE8}") = "StoredProcdures", "StoredProcdures", "{A0FB6E49-D552-453F-806C-E7B5A2D2C54B}"
	ProjectSection(SolutionItems) = preProject
		DataBase\StoredProcedures\Actions_GetByCompany.sql = DataBase\StoredProcedures\Actions_GetByCompany.sql
		DataBase\StoredProcedures\ActivityCompany.sql = DataBase\StoredProcedures\ActivityCompany.sql
		DataBase\StoredProcedures\ActivityCustomer.sql = DataBase\StoredProcedures\ActivityCustomer.sql
		DataBase\StoredProcedures\ActivityDepartment.sql = DataBase\StoredProcedures\ActivityDepartment.sql
		DataBase\StoredProcedures\ActivityDocument.sql = DataBase\StoredProcedures\ActivityDocument.sql
		DataBase\StoredProcedures\ActivityEmployee.sql = DataBase\StoredProcedures\ActivityEmployee.sql
		DataBase\StoredProcedures\ActivityJobPosition.sql = DataBase\StoredProcedures\ActivityJobPosition.sql
		DataBase\StoredProcedures\ActivityLearning.sql = DataBase\StoredProcedures\ActivityLearning.sql
		DataBase\StoredProcedures\ActivityLearningAssistant.sql = DataBase\StoredProcedures\ActivityLearningAssistant.sql
		DataBase\StoredProcedures\ActivityLogin.sql = DataBase\StoredProcedures\ActivityLogin.sql
		DataBase\StoredProcedures\ActivityProcess.sql = DataBase\StoredProcedures\ActivityProcess.sql
		DataBase\StoredProcedures\ActivityProvider.sql = DataBase\StoredProcedures\ActivityProvider.sql
		DataBase\StoredProcedures\ActivitySecurityGroup.sql = DataBase\StoredProcedures\ActivitySecurityGroup.sql
		DataBase\StoredProcedures\ActivityUser.sql = DataBase\StoredProcedures\ActivityUser.sql
		DataBase\StoredProcedures\Alert_Department.sql = DataBase\StoredProcedures\Alert_Department.sql
		DataBase\StoredProcedures\Alert_EmployeesWithoutUser.sql = DataBase\StoredProcedures\Alert_EmployeesWithoutUser.sql
		DataBase\StoredProcedures\Alert_JobPositionWithoutEmployees.sql = DataBase\StoredProcedures\Alert_JobPositionWithoutEmployees.sql
		DataBase\StoredProcedures\Alert_JobPositionWithoutResposable.sql = DataBase\StoredProcedures\Alert_JobPositionWithoutResposable.sql
		DataBase\StoredProcedures\Alert_Timed.sql = DataBase\StoredProcedures\Alert_Timed.sql
		DataBase\StoredProcedures\ApartadosNorma_All.sql = DataBase\StoredProcedures\ApartadosNorma_All.sql
		DataBase\StoredProcedures\Application_GetItems.sql = DataBase\StoredProcedures\Application_GetItems.sql
		DataBase\StoredProcedures\Application_GetMenu.sql = DataBase\StoredProcedures\Application_GetMenu.sql
		DataBase\StoredProcedures\ApplicationUser_ByEmployee.sql = DataBase\StoredProcedures\ApplicationUser_ByEmployee.sql
		DataBase\StoredProcedures\ApplicationUser_ChangeAvatar.sql = DataBase\StoredProcedures\ApplicationUser_ChangeAvatar.sql
		DataBase\StoredProcedures\ApplicationUser_ChangePassword.sql = DataBase\StoredProcedures\ApplicationUser_ChangePassword.sql
		DataBase\StoredProcedures\ApplicationUser_ChangeUserName.sql = DataBase\StoredProcedures\ApplicationUser_ChangeUserName.sql
		DataBase\StoredProcedures\ApplicationUser_Delete.sql = DataBase\StoredProcedures\ApplicationUser_Delete.sql
		DataBase\StoredProcedures\ApplicationUser_GetById.sql = DataBase\StoredProcedures\ApplicationUser_GetById.sql
		DataBase\StoredProcedures\ApplicationUser_GetCommpanies.sql = DataBase\StoredProcedures\ApplicationUser_GetCommpanies.sql
		DataBase\StoredProcedures\ApplicationUser_GetEffectiveGrants.sql = DataBase\StoredProcedures\ApplicationUser_GetEffectiveGrants.sql
		DataBase\StoredProcedures\ApplicationUser_GetGrants.sql = DataBase\StoredProcedures\ApplicationUser_GetGrants.sql
		DataBase\StoredProcedures\ApplicationUser_GetShortcutAvailables.sql = DataBase\StoredProcedures\ApplicationUser_GetShortcutAvailables.sql
		DataBase\StoredProcedures\ApplicationUser_Insert.sql = DataBase\StoredProcedures\ApplicationUser_Insert.sql
		DataBase\StoredProcedures\ApplicationUser_ResetPassword.sql = DataBase\StoredProcedures\ApplicationUser_ResetPassword.sql
		DataBase\StoredProcedures\ApplicationUser_RevokeGrant.sql = DataBase\StoredProcedures\ApplicationUser_RevokeGrant.sql
		DataBase\StoredProcedures\ApplicationUser_SetGrant.sql = DataBase\StoredProcedures\ApplicationUser_SetGrant.sql
		DataBase\StoredProcedures\ApplicationUser_SetLanguage.sql = DataBase\StoredProcedures\ApplicationUser_SetLanguage.sql
		DataBase\StoredProcedures\ApplicationUser_SetPassword.sql = DataBase\StoredProcedures\ApplicationUser_SetPassword.sql
		DataBase\StoredProcedures\ApplicationUser_Update.sql = DataBase\StoredProcedures\ApplicationUser_Update.sql
		DataBase\StoredProcedures\ApplicationUser_UpdateShortCut.sql = DataBase\StoredProcedures\ApplicationUser_UpdateShortCut.sql
		DataBase\StoredProcedures\ApplicationUser_UpdateShortCut2.sql = DataBase\StoredProcedures\ApplicationUser_UpdateShortCut2.sql
		DataBase\StoredProcedures\ApplicationUser_UpdateUserInterface.sql = DataBase\StoredProcedures\ApplicationUser_UpdateUserInterface.sql
		DataBase\StoredProcedures\ApplicationUserEmployee_GetAll.sql = DataBase\StoredProcedures\ApplicationUserEmployee_GetAll.sql
		DataBase\StoredProcedures\ApplicationUserGrant_Clear.sql = DataBase\StoredProcedures\ApplicationUserGrant_Clear.sql
		DataBase\StoredProcedures\ApplicationUserGrant_Save.sql = DataBase\StoredProcedures\ApplicationUserGrant_Save.sql
		DataBase\StoredProcedures\Auditory_Activate.sql = DataBase\StoredProcedures\Auditory_Activate.sql
		DataBase\StoredProcedures\Auditory_Close.sql = DataBase\StoredProcedures\Auditory_Close.sql
		DataBase\StoredProcedures\Auditory_CuestionariosClose.sql = DataBase\StoredProcedures\Auditory_CuestionariosClose.sql
		DataBase\StoredProcedures\Auditory_Filter.sql = DataBase\StoredProcedures\Auditory_Filter.sql
		DataBase\StoredProcedures\Auditory_GetById.sql = DataBase\StoredProcedures\Auditory_GetById.sql
		DataBase\StoredProcedures\Auditory_GetQuestionaries.sql = DataBase\StoredProcedures\Auditory_GetQuestionaries.sql
		DataBase\StoredProcedures\Auditory_GetQuestions.sql = DataBase\StoredProcedures\Auditory_GetQuestions.sql
		DataBase\StoredProcedures\Auditory_GetRules.sql = DataBase\StoredProcedures\Auditory_GetRules.sql
		DataBase\StoredProcedures\Auditory_Inactivate.sql = DataBase\StoredProcedures\Auditory_Inactivate.sql
		DataBase\StoredProcedures\Auditory_Insert.sql = DataBase\StoredProcedures\Auditory_Insert.sql
		DataBase\StoredProcedures\Auditory_Reopen.sql = DataBase\StoredProcedures\Auditory_Reopen.sql
		DataBase\StoredProcedures\Auditory_ReopenCuestionarios.sql = DataBase\StoredProcedures\Auditory_ReopenCuestionarios.sql
		DataBase\StoredProcedures\Auditory_SetQuestionaries.sql = DataBase\StoredProcedures\Auditory_SetQuestionaries.sql
		DataBase\StoredProcedures\Auditory_SetReportStart.sql = DataBase\StoredProcedures\Auditory_SetReportStart.sql
		DataBase\StoredProcedures\Auditory_Update.sql = DataBase\StoredProcedures\Auditory_Update.sql
		DataBase\StoredProcedures\Auditory_Validate.sql = DataBase\StoredProcedures\Auditory_Validate.sql
		DataBase\StoredProcedures\Auditory_ValidateExternal.sql = DataBase\StoredProcedures\Auditory_ValidateExternal.sql
		DataBase\StoredProcedures\AuditoryCuestionarioFound_Activate.sql = DataBase\StoredProcedures\AuditoryCuestionarioFound_Activate.sql
		DataBase\StoredProcedures\AuditoryCuestionarioFound_ByAuditoryId.sql = DataBase\StoredProcedures\AuditoryCuestionarioFound_ByAuditoryId.sql
		DataBase\StoredProcedures\AuditoryCuestionarioFound_ByCuestionarioId.sql = DataBase\StoredProcedures\AuditoryCuestionarioFound_ByCuestionarioId.sql
		DataBase\StoredProcedures\AuditoryCuestionarioFound_ById.sql = DataBase\StoredProcedures\AuditoryCuestionarioFound_ById.sql
		DataBase\StoredProcedures\AuditoryCuestionarioFound_Inactivate.sql = DataBase\StoredProcedures\AuditoryCuestionarioFound_Inactivate.sql
		DataBase\StoredProcedures\AuditoryCuestionarioFound_Insert.sql = DataBase\StoredProcedures\AuditoryCuestionarioFound_Insert.sql
		DataBase\StoredProcedures\AuditoryCuestionarioFound_Update.sql = DataBase\StoredProcedures\AuditoryCuestionarioFound_Update.sql
		DataBase\StoredProcedures\AuditoryCuestionarioImprovement_Activate.sql = DataBase\StoredProcedures\AuditoryCuestionarioImprovement_Activate.sql
		DataBase\StoredProcedures\AuditoryCuestionarioImprovement_ByAuditoryId.sql = DataBase\StoredProcedures\AuditoryCuestionarioImprovement_ByAuditoryId.sql
		DataBase\StoredProcedures\AuditoryCuestionarioImprovement_ByCuestionario.sql = DataBase\StoredProcedures\AuditoryCuestionarioImprovement_ByCuestionario.sql
		DataBase\StoredProcedures\AuditoryCuestionarioImprovement_ById.sql = DataBase\StoredProcedures\AuditoryCuestionarioImprovement_ById.sql
		DataBase\StoredProcedures\AuditoryCuestionarioImprovement_Inactivate.sql = DataBase\StoredProcedures\AuditoryCuestionarioImprovement_Inactivate.sql
		DataBase\StoredProcedures\AuditoryCuestionarioImprovement_Insert.sql = DataBase\StoredProcedures\AuditoryCuestionarioImprovement_Insert.sql
		DataBase\StoredProcedures\AuditoryCuestionarioImprovement_Update.sql = DataBase\StoredProcedures\AuditoryCuestionarioImprovement_Update.sql
		DataBase\StoredProcedures\AuditoryCuestionarioObservations_ByAuditoryId.sql = DataBase\StoredProcedures\AuditoryCuestionarioObservations_ByAuditoryId.sql
		DataBase\StoredProcedures\AuditoryCuestionarioObservations_ById.sql = DataBase\StoredProcedures\AuditoryCuestionarioObservations_ById.sql
		DataBase\StoredProcedures\AuditoryCuestionarioObservations_Insert.sql = DataBase\StoredProcedures\AuditoryCuestionarioObservations_Insert.sql
		DataBase\StoredProcedures\AuditoryCuestionarioObservations_Update.sql = DataBase\StoredProcedures\AuditoryCuestionarioObservations_Update.sql
		DataBase\StoredProcedures\AuditoryCuestionarioPregunta_Toogle.sql = DataBase\StoredProcedures\AuditoryCuestionarioPregunta_Toogle.sql
		DataBase\StoredProcedures\AuditoryPlanning_Activate.sql = DataBase\StoredProcedures\AuditoryPlanning_Activate.sql
		DataBase\StoredProcedures\AuditoryPlanning_ByAuditory.sql = DataBase\StoredProcedures\AuditoryPlanning_ByAuditory.sql
		DataBase\StoredProcedures\AuditoryPlanning_ById.sql = DataBase\StoredProcedures\AuditoryPlanning_ById.sql
		DataBase\StoredProcedures\AuditoryPlanning_Inactivate.sql = DataBase\StoredProcedures\AuditoryPlanning_Inactivate.sql
		DataBase\StoredProcedures\AuditoryPlanning_Insert.sql = DataBase\StoredProcedures\AuditoryPlanning_Insert.sql
		DataBase\StoredProcedures\AuditoryPlanning_Update.sql = DataBase\StoredProcedures\AuditoryPlanning_Update.sql
		DataBase\StoredProcedures\BusinessRisk_Active.sql = DataBase\StoredProcedures\BusinessRisk_Active.sql
		DataBase\StoredProcedures\BusinessRisk_Delete.sql = DataBase\StoredProcedures\BusinessRisk_Delete.sql
		DataBase\StoredProcedures\BusinessRisk_Filter.sql = DataBase\StoredProcedures\BusinessRisk_Filter.sql
		DataBase\StoredProcedures\BusinessRisk_GetActive.sql = DataBase\StoredProcedures\BusinessRisk_GetActive.sql
		DataBase\StoredProcedures\BusinessRisk_GetAll.sql = DataBase\StoredProcedures\BusinessRisk_GetAll.sql
		DataBase\StoredProcedures\BusinessRisk_GetById.sql = DataBase\StoredProcedures\BusinessRisk_GetById.sql
		DataBase\StoredProcedures\BusinessRisk_GetByRules.sql = DataBase\StoredProcedures\BusinessRisk_GetByRules.sql
		DataBase\StoredProcedures\BusinessRisk_GetHistory.sql = DataBase\StoredProcedures\BusinessRisk_GetHistory.sql
		DataBase\StoredProcedures\BusinessRisk_Insert.sql = DataBase\StoredProcedures\BusinessRisk_Insert.sql
		DataBase\StoredProcedures\BusinessRisk_Update.sql = DataBase\StoredProcedures\BusinessRisk_Update.sql
		DataBase\StoredProcedures\BusinessRiskAction_Insert.sql = DataBase\StoredProcedures\BusinessRiskAction_Insert.sql
		DataBase\StoredProcedures\BusinessRiskAction_Update.sql = DataBase\StoredProcedures\BusinessRiskAction_Update.sql
		DataBase\StoredProcedures\Company_Create.sql = DataBase\StoredProcedures\Company_Create.sql
		DataBase\StoredProcedures\Company_DeleteAddress.sql = DataBase\StoredProcedures\Company_DeleteAddress.sql
		DataBase\StoredProcedures\Company_DepartmentMemberShip.sql = DataBase\StoredProcedures\Company_DepartmentMemberShip.sql
		DataBase\StoredProcedures\Company_GetActualDocuments.sql = DataBase\StoredProcedures\Company_GetActualDocuments.sql
		DataBase\StoredProcedures\Company_GetAdress.sql = DataBase\StoredProcedures\Company_GetAdress.sql
		DataBase\StoredProcedures\Company_GetByCode.sql = DataBase\StoredProcedures\Company_GetByCode.sql
		DataBase\StoredProcedures\Company_GetById.sql = DataBase\StoredProcedures\Company_GetById.sql
		DataBase\StoredProcedures\Company_GetCountries.sql = DataBase\StoredProcedures\Company_GetCountries.sql
		DataBase\StoredProcedures\Company_GetDepartments.sql = DataBase\StoredProcedures\Company_GetDepartments.sql
		DataBase\StoredProcedures\Company_GetDocumentCategories.sql = DataBase\StoredProcedures\Company_GetDocumentCategories.sql
		DataBase\StoredProcedures\Company_GetDocumentProcedencias.sql = DataBase\StoredProcedures\Company_GetDocumentProcedencias.sql
		DataBase\StoredProcedures\Company_GetDocuments.sql = DataBase\StoredProcedures\Company_GetDocuments.sql
		DataBase\StoredProcedures\Company_GetDocumentsInactive.sql = DataBase\StoredProcedures\Company_GetDocumentsInactive.sql
		DataBase\StoredProcedures\Company_GetEmployees.sql = DataBase\StoredProcedures\Company_GetEmployees.sql
		DataBase\StoredProcedures\Company_GetUserNames.sql = DataBase\StoredProcedures\Company_GetUserNames.sql
		DataBase\StoredProcedures\Company_SetCountry.sql = DataBase\StoredProcedures\Company_SetCountry.sql
		DataBase\StoredProcedures\Company_SetDefaultAddress.sql = DataBase\StoredProcedures\Company_SetDefaultAddress.sql
		DataBase\StoredProcedures\Company_UnSetCountry.sql = DataBase\StoredProcedures\Company_UnSetCountry.sql
		DataBase\StoredProcedures\Company_Update.sql = DataBase\StoredProcedures\Company_Update.sql
		DataBase\StoredProcedures\CompanyAddress_Insert.sql = DataBase\StoredProcedures\CompanyAddress_Insert.sql
		DataBase\StoredProcedures\CompanyAddress_Update.sql = DataBase\StoredProcedures\CompanyAddress_Update.sql
		DataBase\StoredProcedures\CompanyAddressInsert.sql = DataBase\StoredProcedures\CompanyAddressInsert.sql
		DataBase\StoredProcedures\CostDefinition_Activate.sql = DataBase\StoredProcedures\CostDefinition_Activate.sql
		DataBase\StoredProcedures\CostDefinition_Deactivate.sql = DataBase\StoredProcedures\CostDefinition_Deactivate.sql
		DataBase\StoredProcedures\CostDefinition_GetAll.sql = DataBase\StoredProcedures\CostDefinition_GetAll.sql
		DataBase\StoredProcedures\CostDefinition_Insert.sql = DataBase\StoredProcedures\CostDefinition_Insert.sql
		DataBase\StoredProcedures\CostDefinition_Update.sql = DataBase\StoredProcedures\CostDefinition_Update.sql
		DataBase\StoredProcedures\CostImpactRange_Activate.sql = DataBase\StoredProcedures\CostImpactRange_Activate.sql
		DataBase\StoredProcedures\CostImpactRange_Delete.sql = DataBase\StoredProcedures\CostImpactRange_Delete.sql
		DataBase\StoredProcedures\CostImpactRange_GetActive.sql = DataBase\StoredProcedures\CostImpactRange_GetActive.sql
		DataBase\StoredProcedures\CostImpactRange_GetAll.sql = DataBase\StoredProcedures\CostImpactRange_GetAll.sql
		DataBase\StoredProcedures\CostImpactRange_GetBAR.sql = DataBase\StoredProcedures\CostImpactRange_GetBAR.sql
		DataBase\StoredProcedures\CostImpactRange_GetById.sql = DataBase\StoredProcedures\CostImpactRange_GetById.sql
		DataBase\StoredProcedures\CostImpactRange_Insert.sql = DataBase\StoredProcedures\CostImpactRange_Insert.sql
		DataBase\StoredProcedures\CostImpactRange_Update.sql = DataBase\StoredProcedures\CostImpactRange_Update.sql
		DataBase\StoredProcedures\Countries_GetAll.sql = DataBase\StoredProcedures\Countries_GetAll.sql
		DataBase\StoredProcedures\Cuestionario_Activate.sql = DataBase\StoredProcedures\Cuestionario_Activate.sql
		DataBase\StoredProcedures\Cuestionario_Duplicate.sql = DataBase\StoredProcedures\Cuestionario_Duplicate.sql
		DataBase\StoredProcedures\Cuestionario_Filter.sql = DataBase\StoredProcedures\Cuestionario_Filter.sql
		DataBase\StoredProcedures\Cuestionario_GetAll.sql = DataBase\StoredProcedures\Cuestionario_GetAll.sql
		DataBase\StoredProcedures\Cuestionario_GetById.sql = DataBase\StoredProcedures\Cuestionario_GetById.sql
		DataBase\StoredProcedures\Cuestionario_Inactivate.sql = DataBase\StoredProcedures\Cuestionario_Inactivate.sql
		DataBase\StoredProcedures\Cuestionario_Insert.sql = DataBase\StoredProcedures\Cuestionario_Insert.sql
		DataBase\StoredProcedures\Cuestionario_Update.sql = DataBase\StoredProcedures\Cuestionario_Update.sql
		DataBase\StoredProcedures\CuestionarioPregunta_Activate.sql = DataBase\StoredProcedures\CuestionarioPregunta_Activate.sql
		DataBase\StoredProcedures\CuestionarioPregunta_ByCuestionarioId.sql = DataBase\StoredProcedures\CuestionarioPregunta_ByCuestionarioId.sql
		DataBase\StoredProcedures\CuestionarioPregunta_Inactivate.sql = DataBase\StoredProcedures\CuestionarioPregunta_Inactivate.sql
		DataBase\StoredProcedures\CuestionarioPregunta_Insert.sql = DataBase\StoredProcedures\CuestionarioPregunta_Insert.sql
		DataBase\StoredProcedures\CuestionarioPregunta_Update.sql = DataBase\StoredProcedures\CuestionarioPregunta_Update.sql
		DataBase\StoredProcedures\CuestionarioPreguntaInsert.sql = DataBase\StoredProcedures\CuestionarioPreguntaInsert.sql
		DataBase\StoredProcedures\CustionariosPreguntas_Count.sql = DataBase\StoredProcedures\CustionariosPreguntas_Count.sql
		DataBase\StoredProcedures\Customer_Delete.sql = DataBase\StoredProcedures\Customer_Delete.sql
		DataBase\StoredProcedures\Customer_GetByCompany.sql = DataBase\StoredProcedures\Customer_GetByCompany.sql
		DataBase\StoredProcedures\Customer_GetById.sql = DataBase\StoredProcedures\Customer_GetById.sql
		DataBase\StoredProcedures\Customer_GetIncidentActions.sql = DataBase\StoredProcedures\Customer_GetIncidentActions.sql
		DataBase\StoredProcedures\Customer_Insert.sql = DataBase\StoredProcedures\Customer_Insert.sql
		DataBase\StoredProcedures\Customer_Update.sql = DataBase\StoredProcedures\Customer_Update.sql
		DataBase\StoredProcedures\Department_Delete.sql = DataBase\StoredProcedures\Department_Delete.sql
		DataBase\StoredProcedures\Department_GetById.sql = DataBase\StoredProcedures\Department_GetById.sql
		DataBase\StoredProcedures\Department_GetEmployess.sql = DataBase\StoredProcedures\Department_GetEmployess.sql
		DataBase\StoredProcedures\Department_Insert.sql = DataBase\StoredProcedures\Department_Insert.sql
		DataBase\StoredProcedures\Department_Update.sql = DataBase\StoredProcedures\Department_Update.sql
		DataBase\StoredProcedures\Departments_GetByCompany.sql = DataBase\StoredProcedures\Departments_GetByCompany.sql
		DataBase\StoredProcedures\Document_Anulate.sql = DataBase\StoredProcedures\Document_Anulate.sql
		DataBase\StoredProcedures\Document_Delete.sql = DataBase\StoredProcedures\Document_Delete.sql
		DataBase\StoredProcedures\Document_GetById.sql = DataBase\StoredProcedures\Document_GetById.sql
		DataBase\StoredProcedures\Document_Insert.sql = DataBase\StoredProcedures\Document_Insert.sql
		DataBase\StoredProcedures\Document_LastVersion.sql = DataBase\StoredProcedures\Document_LastVersion.sql
		DataBase\StoredProcedures\Document_Restore.sql = DataBase\StoredProcedures\Document_Restore.sql
		DataBase\StoredProcedures\Document_Update.sql = DataBase\StoredProcedures\Document_Update.sql
		DataBase\StoredProcedures\Document_Versioned.sql = DataBase\StoredProcedures\Document_Versioned.sql
		DataBase\StoredProcedures\DocumentAttach_Active.sql = DataBase\StoredProcedures\DocumentAttach_Active.sql
		DataBase\StoredProcedures\DocumentAttach_Delete.sql = DataBase\StoredProcedures\DocumentAttach_Delete.sql
		DataBase\StoredProcedures\DocumentAttach_GetByDoumentId.sql = DataBase\StoredProcedures\DocumentAttach_GetByDoumentId.sql
		DataBase\StoredProcedures\DocumentAttach_GetById.sql = DataBase\StoredProcedures\DocumentAttach_GetById.sql
		DataBase\StoredProcedures\DocumentAttach_Inactive.sql = DataBase\StoredProcedures\DocumentAttach_Inactive.sql
		DataBase\StoredProcedures\DocumentAttach_Insert.sql = DataBase\StoredProcedures\DocumentAttach_Insert.sql
		DataBase\StoredProcedures\DocumentAttach_RestoreName.sql = DataBase\StoredProcedures\DocumentAttach_RestoreName.sql
		DataBase\StoredProcedures\DocumentAttach_Update.sql = DataBase\StoredProcedures\DocumentAttach_Update.sql
		DataBase\StoredProcedures\DocumentCategory_Delete.sql = DataBase\StoredProcedures\DocumentCategory_Delete.sql
		DataBase\StoredProcedures\DocumentCategory_Insert.sql = DataBase\StoredProcedures\DocumentCategory_Insert.sql
		DataBase\StoredProcedures\DocumentCategory_Update.sql = DataBase\StoredProcedures\DocumentCategory_Update.sql
		DataBase\StoredProcedures\DocumentProcedencia_Delete.sql = DataBase\StoredProcedures\DocumentProcedencia_Delete.sql
		DataBase\StoredProcedures\DocumentProcedencia_Insert.sql = DataBase\StoredProcedures\DocumentProcedencia_Insert.sql
		DataBase\StoredProcedures\DocumentProcedencia_Update.sql = DataBase\StoredProcedures\DocumentProcedencia_Update.sql
		DataBase\StoredProcedures\Documents_GetInactive.sql = DataBase\StoredProcedures\Documents_GetInactive.sql
		DataBase\StoredProcedures\Documents_LastModified.sql = DataBase\StoredProcedures\Documents_LastModified.sql
		DataBase\StoredProcedures\Employee_AsignateJobPosition.sql = DataBase\StoredProcedures\Employee_AsignateJobPosition.sql
		DataBase\StoredProcedures\Employee_AssociateToDepartment.sql = DataBase\StoredProcedures\Employee_AssociateToDepartment.sql
		DataBase\StoredProcedures\Employee_Delete.sql = DataBase\StoredProcedures\Employee_Delete.sql
		DataBase\StoredProcedures\Employee_DeleteJobPosition.sql = DataBase\StoredProcedures\Employee_DeleteJobPosition.sql
		DataBase\StoredProcedures\Employee_DesassociateToDepartment.sql = DataBase\StoredProcedures\Employee_DesassociateToDepartment.sql
		DataBase\StoredProcedures\Employee_Disable.sql = DataBase\StoredProcedures\Employee_Disable.sql
		DataBase\StoredProcedures\Employee_GetActions.sql = DataBase\StoredProcedures\Employee_GetActions.sql
		DataBase\StoredProcedures\Employee_GetByCompany.sql = DataBase\StoredProcedures\Employee_GetByCompany.sql
		DataBase\StoredProcedures\Employee_GetByCompanyWithUser.sql = DataBase\StoredProcedures\Employee_GetByCompanyWithUser.sql
		DataBase\StoredProcedures\Employee_GetById.sql = DataBase\StoredProcedures\Employee_GetById.sql
		DataBase\StoredProcedures\Employee_GetByUserId.sql = DataBase\StoredProcedures\Employee_GetByUserId.sql
		DataBase\StoredProcedures\Employee_GetImplications.sql = DataBase\StoredProcedures\Employee_GetImplications.sql
		DataBase\StoredProcedures\Employee_GetJobPositionHistoric.sql = DataBase\StoredProcedures\Employee_GetJobPositionHistoric.sql
		DataBase\StoredProcedures\Employee_GetJobPositions.sql = DataBase\StoredProcedures\Employee_GetJobPositions.sql
		DataBase\StoredProcedures\Employee_GetLearningAssitance.sql = DataBase\StoredProcedures\Employee_GetLearningAssitance.sql
		DataBase\StoredProcedures\Employee_Insert.sql = DataBase\StoredProcedures\Employee_Insert.sql
		DataBase\StoredProcedures\Employee_Restore.sql = DataBase\StoredProcedures\Employee_Restore.sql
		DataBase\StoredProcedures\Employee_SetUser.sql = DataBase\StoredProcedures\Employee_SetUser.sql
		DataBase\StoredProcedures\Employee_UnasignateJobPosition.sql = DataBase\StoredProcedures\Employee_UnasignateJobPosition.sql
		DataBase\StoredProcedures\Employee_UnsetUser.sql = DataBase\StoredProcedures\Employee_UnsetUser.sql
		DataBase\StoredProcedures\Employee_Update.sql = DataBase\StoredProcedures\Employee_Update.sql
		DataBase\StoredProcedures\Employee_WithoutUser.sql = DataBase\StoredProcedures\Employee_WithoutUser.sql
		DataBase\StoredProcedures\EmployeeGrants.sql = DataBase\StoredProcedures\EmployeeGrants.sql
		DataBase\StoredProcedures\EmployeeSkills_GetByEmployee.sql = DataBase\StoredProcedures\EmployeeSkills_GetByEmployee.sql
		DataBase\StoredProcedures\EmployeeSkills_Insert.sql = DataBase\StoredProcedures\EmployeeSkills_Insert.sql
		DataBase\StoredProcedures\EmployeeSkills_Update.sql = DataBase\StoredProcedures\EmployeeSkills_Update.sql
		DataBase\StoredProcedures\EmployeeWithUser_GetByCompany.sql = DataBase\StoredProcedures\EmployeeWithUser_GetByCompany.sql
		DataBase\StoredProcedures\Equipment_Anulate.sql = DataBase\StoredProcedures\Equipment_Anulate.sql
		DataBase\StoredProcedures\Equipment_Delete.sql = DataBase\StoredProcedures\Equipment_Delete.sql
		DataBase\StoredProcedures\Equipment_GetById.sql = DataBase\StoredProcedures\Equipment_GetById.sql
		DataBase\StoredProcedures\Equipment_GetCalibration.sql = DataBase\StoredProcedures\Equipment_GetCalibration.sql
		DataBase\StoredProcedures\Equipment_GetCalibrationDefinition.sql = DataBase\StoredProcedures\Equipment_GetCalibrationDefinition.sql
		DataBase\StoredProcedures\Equipment_GetCosts.sql = DataBase\StoredProcedures\Equipment_GetCosts.sql
		DataBase\StoredProcedures\Equipment_GetCosts2.sql = DataBase\StoredProcedures\Equipment_GetCosts2.sql
		DataBase\StoredProcedures\Equipment_GetList.sql = DataBase\StoredProcedures\Equipment_GetList.sql
		DataBase\StoredProcedures\Equipment_GetRecords.sql = DataBase\StoredProcedures\Equipment_GetRecords.sql
		DataBase\StoredProcedures\Equipment_GetVerification.sql = DataBase\StoredProcedures\Equipment_GetVerification.sql
		DataBase\StoredProcedures\Equipment_GetVerificationDefinition.sql = DataBase\StoredProcedures\Equipment_GetVerificationDefinition.sql
		DataBase\StoredProcedures\Equipment_Insert.sql = DataBase\StoredProcedures\Equipment_Insert.sql
		DataBase\StoredProcedures\Equipment_Restore.sql = DataBase\StoredProcedures\Equipment_Restore.sql
		DataBase\StoredProcedures\Equipment_SubtituteEmployee.sql = DataBase\StoredProcedures\Equipment_SubtituteEmployee.sql
		DataBase\StoredProcedures\Equipment_Update.sql = DataBase\StoredProcedures\Equipment_Update.sql
		DataBase\StoredProcedures\EquipmentCalibrationAct_Delete.sql = DataBase\StoredProcedures\EquipmentCalibrationAct_Delete.sql
		DataBase\StoredProcedures\EquipmentCalibrationAct_GetByEquipmentId.sql = DataBase\StoredProcedures\EquipmentCalibrationAct_GetByEquipmentId.sql
		DataBase\StoredProcedures\EquipmentCalibrationAct_Insert.sql = DataBase\StoredProcedures\EquipmentCalibrationAct_Insert.sql
		DataBase\StoredProcedures\EquipmentCalibrationAct_Update.sql = DataBase\StoredProcedures\EquipmentCalibrationAct_Update.sql
		DataBase\StoredProcedures\EquipmentCalibrationDefinition_Delete.sql = DataBase\StoredProcedures\EquipmentCalibrationDefinition_Delete.sql
		DataBase\StoredProcedures\EquipmentCalibrationDefinition_Insert.sql = DataBase\StoredProcedures\EquipmentCalibrationDefinition_Insert.sql
		DataBase\StoredProcedures\EquipmentCalibrationDefinition_SubtituteEmployee.sql = DataBase\StoredProcedures\EquipmentCalibrationDefinition_SubtituteEmployee.sql
		DataBase\StoredProcedures\EquipmentCalibrationDefinition_Update.sql = DataBase\StoredProcedures\EquipmentCalibrationDefinition_Update.sql
		DataBase\StoredProcedures\EquipmentMaintenance_GetByEquipmentId.sql = DataBase\StoredProcedures\EquipmentMaintenance_GetByEquipmentId.sql
		DataBase\StoredProcedures\EquipmentMaintenance_Insert.sql = DataBase\StoredProcedures\EquipmentMaintenance_Insert.sql
		DataBase\StoredProcedures\EquipmentMaintenanceAct_Delete.sql = DataBase\StoredProcedures\EquipmentMaintenanceAct_Delete.sql
		DataBase\StoredProcedures\EquipmentMaintenanceAct_GetByEquipmentId.sql = DataBase\StoredProcedures\EquipmentMaintenanceAct_GetByEquipmentId.sql
		DataBase\StoredProcedures\EquipmentMaintenanceAct_Insert.sql = DataBase\StoredProcedures\EquipmentMaintenanceAct_Insert.sql
		DataBase\StoredProcedures\EquipmentMaintenanceAct_Update.sql = DataBase\StoredProcedures\EquipmentMaintenanceAct_Update.sql
		DataBase\StoredProcedures\EquipmentMaintenanceDefinition_Delete.sql = DataBase\StoredProcedures\EquipmentMaintenanceDefinition_Delete.sql
		DataBase\StoredProcedures\EquipmentMaintenanceDefinition_Insert.sql = DataBase\StoredProcedures\EquipmentMaintenanceDefinition_Insert.sql
		DataBase\StoredProcedures\EquipmentMaintenanceDefinition_SubtituteEmployee.sql = DataBase\StoredProcedures\EquipmentMaintenanceDefinition_SubtituteEmployee.sql
		DataBase\StoredProcedures\EquipmentMaintnanceDefinition_Update.sql = DataBase\StoredProcedures\EquipmentMaintnanceDefinition_Update.sql
		DataBase\StoredProcedures\EquipmentRepair_Delete.sql = DataBase\StoredProcedures\EquipmentRepair_Delete.sql
		DataBase\StoredProcedures\EquipmentRepair_GetByEquipmentId.sql = DataBase\StoredProcedures\EquipmentRepair_GetByEquipmentId.sql
		DataBase\StoredProcedures\EquipmentRepair_Insert.sql = DataBase\StoredProcedures\EquipmentRepair_Insert.sql
		DataBase\StoredProcedures\EquipmentRepair_Update.sql = DataBase\StoredProcedures\EquipmentRepair_Update.sql
		DataBase\StoredProcedures\EquipmentScaleDivision_Delete.sql = DataBase\StoredProcedures\EquipmentScaleDivision_Delete.sql
		DataBase\StoredProcedures\EquipmentScaleDivision_GetByCompany.sql = DataBase\StoredProcedures\EquipmentScaleDivision_GetByCompany.sql
		DataBase\StoredProcedures\EquipmentScaleDivision_Insert.sql = DataBase\StoredProcedures\EquipmentScaleDivision_Insert.sql
		DataBase\StoredProcedures\EquipmentScaleDivision_Update.sql = DataBase\StoredProcedures\EquipmentScaleDivision_Update.sql
		DataBase\StoredProcedures\EquipmentVerificationAct_Delete.sql = DataBase\StoredProcedures\EquipmentVerificationAct_Delete.sql
		DataBase\StoredProcedures\EquipmentVerificationAct_GetByEquipmentId.sql = DataBase\StoredProcedures\EquipmentVerificationAct_GetByEquipmentId.sql
		DataBase\StoredProcedures\EquipmentVerificationAct_Insert.sql = DataBase\StoredProcedures\EquipmentVerificationAct_Insert.sql
		DataBase\StoredProcedures\EquipmentVerificationAct_Update.sql = DataBase\StoredProcedures\EquipmentVerificationAct_Update.sql
		DataBase\StoredProcedures\EquipmentVerificationDefinition_Delete.sql = DataBase\StoredProcedures\EquipmentVerificationDefinition_Delete.sql
		DataBase\StoredProcedures\EquipmentVerificationDefinition_Insert.sql = DataBase\StoredProcedures\EquipmentVerificationDefinition_Insert.sql
		DataBase\StoredProcedures\EquipmentVerificationDefinition_SubtituteEmployee.sql = DataBase\StoredProcedures\EquipmentVerificationDefinition_SubtituteEmployee.sql
		DataBase\StoredProcedures\EquipmentVerificationDefinition_Update.sql = DataBase\StoredProcedures\EquipmentVerificationDefinition_Update.sql
		DataBase\StoredProcedures\fn_split.sql = DataBase\StoredProcedures\fn_split.sql
		DataBase\StoredProcedures\GeneratePassword.sql = DataBase\StoredProcedures\GeneratePassword.sql
		DataBase\StoredProcedures\Get_Activity.sql = DataBase\StoredProcedures\Get_Activity.sql
		DataBase\StoredProcedures\Get_ActivityLastDay.sql = DataBase\StoredProcedures\Get_ActivityLastDay.sql
		DataBase\StoredProcedures\Get_EmployeeDepartmentAsignation.sql = DataBase\StoredProcedures\Get_EmployeeDepartmentAsignation.sql
		DataBase\StoredProcedures\Get_LogLogins.sql = DataBase\StoredProcedures\Get_LogLogins.sql
		DataBase\StoredProcedures\Get_Procesos.sql = DataBase\StoredProcedures\Get_Procesos.sql
		DataBase\StoredProcedures\Get_ProcesosById.sql = DataBase\StoredProcedures\Get_ProcesosById.sql
		DataBase\StoredProcedures\GetLogin.sql = DataBase\StoredProcedures\GetLogin.sql
		DataBase\StoredProcedures\Grants_GetAll.sql = DataBase\StoredProcedures\Grants_GetAll.sql
		DataBase\StoredProcedures\IncidenAction_SusbtituteExecutor.sql = DataBase\StoredProcedures\IncidenAction_SusbtituteExecutor.sql
		DataBase\StoredProcedures\Incident_Anulate.sql = DataBase\StoredProcedures\Incident_Anulate.sql
		DataBase\StoredProcedures\Incident_ChartReport.sql = DataBase\StoredProcedures\Incident_ChartReport.sql
		DataBase\StoredProcedures\Incident_Delete.sql = DataBase\StoredProcedures\Incident_Delete.sql
		DataBase\StoredProcedures\Incident_DeleteActions.sql = DataBase\StoredProcedures\Incident_DeleteActions.sql
		DataBase\StoredProcedures\Incident_Filter.sql = DataBase\StoredProcedures\Incident_Filter.sql
		DataBase\StoredProcedures\Incident_GetById.sql = DataBase\StoredProcedures\Incident_GetById.sql
		DataBase\StoredProcedures\Incident_GetTimed.sql = DataBase\StoredProcedures\Incident_GetTimed.sql
		DataBase\StoredProcedures\Incident_Insert.sql = DataBase\StoredProcedures\Incident_Insert.sql
		DataBase\StoredProcedures\Incident_Restore.sql = DataBase\StoredProcedures\Incident_Restore.sql
		DataBase\StoredProcedures\Incident_StatusReport.sql = DataBase\StoredProcedures\Incident_StatusReport.sql
		DataBase\StoredProcedures\Incident_Update.sql = DataBase\StoredProcedures\Incident_Update.sql
		DataBase\StoredProcedures\IncidentAction_Anulate.sql = DataBase\StoredProcedures\IncidentAction_Anulate.sql
		DataBase\StoredProcedures\IncidentAction_Delete.sql = DataBase\StoredProcedures\IncidentAction_Delete.sql
		DataBase\StoredProcedures\IncidentAction_From_Found.sql = DataBase\StoredProcedures\IncidentAction_From_Found.sql
		DataBase\StoredProcedures\IncidentAction_From_Improvement.sql = DataBase\StoredProcedures\IncidentAction_From_Improvement.sql
		DataBase\StoredProcedures\IncidentAction_FromZombie.sql = DataBase\StoredProcedures\IncidentAction_FromZombie.sql
		DataBase\StoredProcedures\IncidentAction_GetByAuditoryId.sql = DataBase\StoredProcedures\IncidentAction_GetByAuditoryId.sql
		DataBase\StoredProcedures\IncidentAction_GetByBusinessRiskCode.sql = DataBase\StoredProcedures\IncidentAction_GetByBusinessRiskCode.sql
		DataBase\StoredProcedures\IncidentAction_GetByBusinessRiskId.sql = DataBase\StoredProcedures\IncidentAction_GetByBusinessRiskId.sql
		DataBase\StoredProcedures\IncidentAction_GetByCode.sql = DataBase\StoredProcedures\IncidentAction_GetByCode.sql
		DataBase\StoredProcedures\IncidentAction_GetById.sql = DataBase\StoredProcedures\IncidentAction_GetById.sql
		DataBase\StoredProcedures\IncidentAction_GetByIncidentId.sql = DataBase\StoredProcedures\IncidentAction_GetByIncidentId.sql
		DataBase\StoredProcedures\IncidentAction_GetByObjetivoId.sql = DataBase\StoredProcedures\IncidentAction_GetByObjetivoId.sql
		DataBase\StoredProcedures\IncidentAction_GetByOportunityCode.sql = DataBase\StoredProcedures\IncidentAction_GetByOportunityCode.sql
		DataBase\StoredProcedures\IncidentAction_GetByOportunityId.sql = DataBase\StoredProcedures\IncidentAction_GetByOportunityId.sql
		DataBase\StoredProcedures\IncidentAction_Insert.sql = DataBase\StoredProcedures\IncidentAction_Insert.sql
		DataBase\StoredProcedures\IncidentAction_Restore.sql = DataBase\StoredProcedures\IncidentAction_Restore.sql
		DataBase\StoredProcedures\IncidentAction_Update.sql = DataBase\StoredProcedures\IncidentAction_Update.sql
		DataBase\StoredProcedures\IncidentActionCost_Delete.sql = DataBase\StoredProcedures\IncidentActionCost_Delete.sql
		DataBase\StoredProcedures\IncidentActionCost_Insert.sql = DataBase\StoredProcedures\IncidentActionCost_Insert.sql
		DataBase\StoredProcedures\IncidentActionCost_Update.sql = DataBase\StoredProcedures\IncidentActionCost_Update.sql
		DataBase\StoredProcedures\IncidentActions_Filter.sql = DataBase\StoredProcedures\IncidentActions_Filter.sql
		DataBase\StoredProcedures\IncidentActionZombie_ByAuditoryId.sql = DataBase\StoredProcedures\IncidentActionZombie_ByAuditoryId.sql
		DataBase\StoredProcedures\IncidentActionZombie_Delete.sql = DataBase\StoredProcedures\IncidentActionZombie_Delete.sql
		DataBase\StoredProcedures\IncidentActionZombie_Insert.sql = DataBase\StoredProcedures\IncidentActionZombie_Insert.sql
		DataBase\StoredProcedures\IncidentActionZombie_Update.sql = DataBase\StoredProcedures\IncidentActionZombie_Update.sql
		DataBase\StoredProcedures\IncidentCost_Delete.sql = DataBase\StoredProcedures\IncidentCost_Delete.sql
		DataBase\StoredProcedures\IncidentCost_Insert.sql = DataBase\StoredProcedures\IncidentCost_Insert.sql
		DataBase\StoredProcedures\IncidentCost_Update.sql = DataBase\StoredProcedures\IncidentCost_Update.sql
		DataBase\StoredProcedures\IndecidentActionCost_GetByCompanyId.sql = DataBase\StoredProcedures\IndecidentActionCost_GetByCompanyId.sql
		DataBase\StoredProcedures\IndecidentActionCost_GetByIndicentActionId.sql = DataBase\StoredProcedures\IndecidentActionCost_GetByIndicentActionId.sql
		DataBase\StoredProcedures\IndecidentCost_GetByBusinessRiskId.sql = DataBase\StoredProcedures\IndecidentCost_GetByBusinessRiskId.sql
		DataBase\StoredProcedures\IndecidentCost_GetByCompanyId.sql = DataBase\StoredProcedures\IndecidentCost_GetByCompanyId.sql
		DataBase\StoredProcedures\IndecidentCost_GetByIndicentId.sql = DataBase\StoredProcedures\IndecidentCost_GetByIndicentId.sql
		DataBase\StoredProcedures\IndecidentCost_GetByOportunityId.sql = DataBase\StoredProcedures\IndecidentCost_GetByOportunityId.sql
		DataBase\StoredProcedures\Indicador_Activate.sql = DataBase\StoredProcedures\Indicador_Activate.sql
		DataBase\StoredProcedures\Indicador_Anulate.sql = DataBase\StoredProcedures\Indicador_Anulate.sql
		DataBase\StoredProcedures\Indicador_GetActive.sql = DataBase\StoredProcedures\Indicador_GetActive.sql
		DataBase\StoredProcedures\Indicador_GetAll.sql = DataBase\StoredProcedures\Indicador_GetAll.sql
		DataBase\StoredProcedures\Indicador_GetAllPeriodicity.sql = DataBase\StoredProcedures\Indicador_GetAllPeriodicity.sql
		DataBase\StoredProcedures\Indicador_GetAvailablesForObjetivo.sql = DataBase\StoredProcedures\Indicador_GetAvailablesForObjetivo.sql
		DataBase\StoredProcedures\Indicador_GetById.sql = DataBase\StoredProcedures\Indicador_GetById.sql
		DataBase\StoredProcedures\Indicador_GetByObjetivoId.sql = DataBase\StoredProcedures\Indicador_GetByObjetivoId.sql
		DataBase\StoredProcedures\Indicador_GetByProcessId.sql = DataBase\StoredProcedures\Indicador_GetByProcessId.sql
		DataBase\StoredProcedures\Indicador_Inactivate.sql = DataBase\StoredProcedures\Indicador_Inactivate.sql
		DataBase\StoredProcedures\Indicador_Insert.sql = DataBase\StoredProcedures\Indicador_Insert.sql
		DataBase\StoredProcedures\Indicador_Restore.sql = DataBase\StoredProcedures\Indicador_Restore.sql
		DataBase\StoredProcedures\Indicador_Update.sql = DataBase\StoredProcedures\Indicador_Update.sql
		DataBase\StoredProcedures\IndicadorHistorico_GetByIndicadorId.sql = DataBase\StoredProcedures\IndicadorHistorico_GetByIndicadorId.sql
		DataBase\StoredProcedures\IndicadorHistorico_Insert.sql = DataBase\StoredProcedures\IndicadorHistorico_Insert.sql
		DataBase\StoredProcedures\IndicadorObjetivo_Delete.sql = DataBase\StoredProcedures\IndicadorObjetivo_Delete.sql
		DataBase\StoredProcedures\IndicadorObjetivo_GetByIndicadorId.sql = DataBase\StoredProcedures\IndicadorObjetivo_GetByIndicadorId.sql
		DataBase\StoredProcedures\IndicadorObjetivo_GetByObjetivoId.sql = DataBase\StoredProcedures\IndicadorObjetivo_GetByObjetivoId.sql
		DataBase\StoredProcedures\IndicadorObjetivo_Save.sql = DataBase\StoredProcedures\IndicadorObjetivo_Save.sql
		DataBase\StoredProcedures\IndicadorRegistro_Activate.sql = DataBase\StoredProcedures\IndicadorRegistro_Activate.sql
		DataBase\StoredProcedures\IndicadorRegistro_GetById.sql = DataBase\StoredProcedures\IndicadorRegistro_GetById.sql
		DataBase\StoredProcedures\IndicadorRegistro_GetByIndicadorId.sql = DataBase\StoredProcedures\IndicadorRegistro_GetByIndicadorId.sql
		DataBase\StoredProcedures\IndicadorRegistro_Inactivate.sql = DataBase\StoredProcedures\IndicadorRegistro_Inactivate.sql
		DataBase\StoredProcedures\IndicadorRegistro_Insert.sql = DataBase\StoredProcedures\IndicadorRegistro_Insert.sql
		DataBase\StoredProcedures\IndicadorRegistro_Update.sql = DataBase\StoredProcedures\IndicadorRegistro_Update.sql
		DataBase\StoredProcedures\Indicator_Filter.sql = DataBase\StoredProcedures\Indicator_Filter.sql
		DataBase\StoredProcedures\JobPosition_Delete.sql = DataBase\StoredProcedures\JobPosition_Delete.sql
		DataBase\StoredProcedures\JobPosition_GetByCompany.sql = DataBase\StoredProcedures\JobPosition_GetByCompany.sql
		DataBase\StoredProcedures\JobPosition_GetByDepartment.sql = DataBase\StoredProcedures\JobPosition_GetByDepartment.sql
		DataBase\StoredProcedures\JobPosition_GetByEmployee.sql = DataBase\StoredProcedures\JobPosition_GetByEmployee.sql
		DataBase\StoredProcedures\JobPosition_GetById.sql = DataBase\StoredProcedures\JobPosition_GetById.sql
		DataBase\StoredProcedures\JobPosition_GetEmployees.sql = DataBase\StoredProcedures\JobPosition_GetEmployees.sql
		DataBase\StoredProcedures\JobPosition_GetEmployeesHistorical.sql = DataBase\StoredProcedures\JobPosition_GetEmployeesHistorical.sql
		DataBase\StoredProcedures\JobPosition_Insert.sql = DataBase\StoredProcedures\JobPosition_Insert.sql
		DataBase\StoredProcedures\JobPosition_Unlink.sql = DataBase\StoredProcedures\JobPosition_Unlink.sql
		DataBase\StoredProcedures\JobPosition_Update.sql = DataBase\StoredProcedures\JobPosition_Update.sql
		DataBase\StoredProcedures\Learning_AddAssistant.sql = DataBase\StoredProcedures\Learning_AddAssistant.sql
		DataBase\StoredProcedures\Learning_AssistantDelete.sql = DataBase\StoredProcedures\Learning_AssistantDelete.sql
		DataBase\StoredProcedures\Learning_Delete.sql = DataBase\StoredProcedures\Learning_Delete.sql
		DataBase\StoredProcedures\Learning_Filter.sql = DataBase\StoredProcedures\Learning_Filter.sql
		DataBase\StoredProcedures\Learning_GetAll.sql = DataBase\StoredProcedures\Learning_GetAll.sql
		DataBase\StoredProcedures\Learning_GetAssistance.sql = DataBase\StoredProcedures\Learning_GetAssistance.sql
		DataBase\StoredProcedures\Learning_GetById.sql = DataBase\StoredProcedures\Learning_GetById.sql
		DataBase\StoredProcedures\Learning_Insert.sql = DataBase\StoredProcedures\Learning_Insert.sql
		DataBase\StoredProcedures\Learning_Update.sql = DataBase\StoredProcedures\Learning_Update.sql
		DataBase\StoredProcedures\LearningAssistant_Complete.sql = DataBase\StoredProcedures\LearningAssistant_Complete.sql
		DataBase\StoredProcedures\LearningAssistant_CompleteFail.sql = DataBase\StoredProcedures\LearningAssistant_CompleteFail.sql
		DataBase\StoredProcedures\LearningAssistant_Reset.sql = DataBase\StoredProcedures\LearningAssistant_Reset.sql
		DataBase\StoredProcedures\LearningAssistant_SetStatus.sql = DataBase\StoredProcedures\LearningAssistant_SetStatus.sql
		DataBase\StoredProcedures\LearningAssistant_Success.sql = DataBase\StoredProcedures\LearningAssistant_Success.sql
		DataBase\StoredProcedures\LearningAssistant_SuccessFail.sql = DataBase\StoredProcedures\LearningAssistant_SuccessFail.sql
		DataBase\StoredProcedures\LearningAssistant_Unevaluated.sql = DataBase\StoredProcedures\LearningAssistant_Unevaluated.sql
		DataBase\StoredProcedures\Log_Login.sql = DataBase\StoredProcedures\Log_Login.sql
		DataBase\StoredProcedures\MeasureUnit_GetByCompany.sql = DataBase\StoredProcedures\MeasureUnit_GetByCompany.sql
		DataBase\StoredProcedures\Objetivo_Activate.sql = DataBase\StoredProcedures\Objetivo_Activate.sql
		DataBase\StoredProcedures\Objetivo_Anulate.sql = DataBase\StoredProcedures\Objetivo_Anulate.sql
		DataBase\StoredProcedures\Objetivo_Filter.sql = DataBase\StoredProcedures\Objetivo_Filter.sql
		DataBase\StoredProcedures\Objetivo_GeById.sql = DataBase\StoredProcedures\Objetivo_GeById.sql
		DataBase\StoredProcedures\Objetivo_GetActive.sql = DataBase\StoredProcedures\Objetivo_GetActive.sql
		DataBase\StoredProcedures\Objetivo_GetAll.sql = DataBase\StoredProcedures\Objetivo_GetAll.sql
		DataBase\StoredProcedures\Objetivo_GetAvailable.sql = DataBase\StoredProcedures\Objetivo_GetAvailable.sql
		DataBase\StoredProcedures\Objetivo_GetById.sql = DataBase\StoredProcedures\Objetivo_GetById.sql
		DataBase\StoredProcedures\Objetivo_Inactivate.sql = DataBase\StoredProcedures\Objetivo_Inactivate.sql
		DataBase\StoredProcedures\Objetivo_Insert.sql = DataBase\StoredProcedures\Objetivo_Insert.sql
		DataBase\StoredProcedures\Objetivo_Restore.sql = DataBase\StoredProcedures\Objetivo_Restore.sql
		DataBase\StoredProcedures\Objetivo_Update.sql = DataBase\StoredProcedures\Objetivo_Update.sql
		DataBase\StoredProcedures\ObjetivoHistorico_GetByObjetivoId.sql = DataBase\StoredProcedures\ObjetivoHistorico_GetByObjetivoId.sql
		DataBase\StoredProcedures\ObjetivoHistorico_Insert.sql = DataBase\StoredProcedures\ObjetivoHistorico_Insert.sql
		DataBase\StoredProcedures\ObjetivoRegistro_Activate.sql = DataBase\StoredProcedures\ObjetivoRegistro_Activate.sql
		DataBase\StoredProcedures\ObjetivoRegistro_GetActive.sql = DataBase\StoredProcedures\ObjetivoRegistro_GetActive.sql
		DataBase\StoredProcedures\ObjetivoRegistro_GetAll.sql = DataBase\StoredProcedures\ObjetivoRegistro_GetAll.sql
		DataBase\StoredProcedures\ObjetivoRegistro_GetByObjetivo.sql = DataBase\StoredProcedures\ObjetivoRegistro_GetByObjetivo.sql
		DataBase\StoredProcedures\ObjetivoRegistro_Inactivate.sql = DataBase\StoredProcedures\ObjetivoRegistro_Inactivate.sql
		DataBase\StoredProcedures\ObjetivoRegistro_Insert.sql = DataBase\StoredProcedures\ObjetivoRegistro_Insert.sql
		DataBase\StoredProcedures\ObjetivoRegistro_Update.sql = DataBase\StoredProcedures\ObjetivoRegistro_Update.sql
		DataBase\StoredProcedures\Oportunity_Activate.sql = DataBase\StoredProcedures\Oportunity_Activate.sql
		DataBase\StoredProcedures\Oportunity_Anulate.sql = DataBase\StoredProcedures\Oportunity_Anulate.sql
		DataBase\StoredProcedures\Oportunity_Filter.sql = DataBase\StoredProcedures\Oportunity_Filter.sql
		DataBase\StoredProcedures\Oportunity_GetAll.sql = DataBase\StoredProcedures\Oportunity_GetAll.sql
		DataBase\StoredProcedures\Oportunity_GetById.sql = DataBase\StoredProcedures\Oportunity_GetById.sql
		DataBase\StoredProcedures\Oportunity_Inactivate.sql = DataBase\StoredProcedures\Oportunity_Inactivate.sql
		DataBase\StoredProcedures\Oportunity_Insert.sql = DataBase\StoredProcedures\Oportunity_Insert.sql
		DataBase\StoredProcedures\Oportunity_Update.sql = DataBase\StoredProcedures\Oportunity_Update.sql
		DataBase\StoredProcedures\ProbabilitySeverityRange_Activate.sql = DataBase\StoredProcedures\ProbabilitySeverityRange_Activate.sql
		DataBase\StoredProcedures\ProbabilitySeverityRange_Delete.sql = DataBase\StoredProcedures\ProbabilitySeverityRange_Delete.sql
		DataBase\StoredProcedures\ProbabilitySeverityRange_GetActive.sql = DataBase\StoredProcedures\ProbabilitySeverityRange_GetActive.sql
		DataBase\StoredProcedures\ProbabilitySeverityRange_GetAll.sql = DataBase\StoredProcedures\ProbabilitySeverityRange_GetAll.sql
		DataBase\StoredProcedures\ProbabilitySeverityRange_GetBAR.sql = DataBase\StoredProcedures\ProbabilitySeverityRange_GetBAR.sql
		DataBase\StoredProcedures\ProbabilitySeverityRange_GetById.sql = DataBase\StoredProcedures\ProbabilitySeverityRange_GetById.sql
		DataBase\StoredProcedures\ProbabilitySeverityRange_Insert.sql = DataBase\StoredProcedures\ProbabilitySeverityRange_Insert.sql
		DataBase\StoredProcedures\ProbabilitySeverityRange_Update.sql = DataBase\StoredProcedures\ProbabilitySeverityRange_Update.sql
		DataBase\StoredProcedures\Process_Delete.sql = DataBase\StoredProcedures\Process_Delete.sql
		DataBase\StoredProcedures\Process_Desactive.sql = DataBase\StoredProcedures\Process_Desactive.sql
		DataBase\StoredProcedures\Process_GetById.sql = DataBase\StoredProcedures\Process_GetById.sql
		DataBase\StoredProcedures\Process_Insert.sql = DataBase\StoredProcedures\Process_Insert.sql
		DataBase\StoredProcedures\Process_Update.sql = DataBase\StoredProcedures\Process_Update.sql
		DataBase\StoredProcedures\ProcessType_GetByCompany.sql = DataBase\StoredProcedures\ProcessType_GetByCompany.sql
		DataBase\StoredProcedures\ProcessType_Insert.sql = DataBase\StoredProcedures\ProcessType_Insert.sql
		DataBase\StoredProcedures\ProcessType_Update.sql = DataBase\StoredProcedures\ProcessType_Update.sql
		DataBase\StoredProcedures\Provider_Delete.sql = DataBase\StoredProcedures\Provider_Delete.sql
		DataBase\StoredProcedures\Provider_GetByCompany.sql = DataBase\StoredProcedures\Provider_GetByCompany.sql
		DataBase\StoredProcedures\Provider_GetById.sql = DataBase\StoredProcedures\Provider_GetById.sql
		DataBase\StoredProcedures\Provider_GetCosts.sql = DataBase\StoredProcedures\Provider_GetCosts.sql
		DataBase\StoredProcedures\Provider_GetDefinitions.sql = DataBase\StoredProcedures\Provider_GetDefinitions.sql
		DataBase\StoredProcedures\Provider_GetIncidentActions.sql = DataBase\StoredProcedures\Provider_GetIncidentActions.sql
		DataBase\StoredProcedures\Provider_Insert.sql = DataBase\StoredProcedures\Provider_Insert.sql
		DataBase\StoredProcedures\Provider_Update.sql = DataBase\StoredProcedures\Provider_Update.sql
		DataBase\StoredProcedures\Revision_Activate.sql = DataBase\StoredProcedures\Revision_Activate.sql
		DataBase\StoredProcedures\Revision_GeById.sql = DataBase\StoredProcedures\Revision_GeById.sql
		DataBase\StoredProcedures\Revision_GetById.sql = DataBase\StoredProcedures\Revision_GetById.sql
		DataBase\StoredProcedures\Revision_Inactivate.sql = DataBase\StoredProcedures\Revision_Inactivate.sql
		DataBase\StoredProcedures\Revision_Insert.sql = DataBase\StoredProcedures\Revision_Insert.sql
		DataBase\StoredProcedures\Revision_Update.sql = DataBase\StoredProcedures\Revision_Update.sql
		DataBase\StoredProcedures\Rules_Active.sql = DataBase\StoredProcedures\Rules_Active.sql
		DataBase\StoredProcedures\Rules_Delete.sql = DataBase\StoredProcedures\Rules_Delete.sql
		DataBase\StoredProcedures\Rules_GetActive.sql = DataBase\StoredProcedures\Rules_GetActive.sql
		DataBase\StoredProcedures\Rules_GetAll.sql = DataBase\StoredProcedures\Rules_GetAll.sql
		DataBase\StoredProcedures\Rules_GetBAR.sql = DataBase\StoredProcedures\Rules_GetBAR.sql
		DataBase\StoredProcedures\Rules_GetById.sql = DataBase\StoredProcedures\Rules_GetById.sql
		DataBase\StoredProcedures\Rules_Insert.sql = DataBase\StoredProcedures\Rules_Insert.sql
		DataBase\StoredProcedures\Rules_SetLimit.sql = DataBase\StoredProcedures\Rules_SetLimit.sql
		DataBase\StoredProcedures\Rules_Update.sql = DataBase\StoredProcedures\Rules_Update.sql
		DataBase\StoredProcedures\RulesHistory_ByRuleId.sql = DataBase\StoredProcedures\RulesHistory_ByRuleId.sql
		DataBase\StoredProcedures\RulesHistory_Insert.sql = DataBase\StoredProcedures\RulesHistory_Insert.sql
		DataBase\StoredProcedures\ScheduleTask_GetByEmployee.sql = DataBase\StoredProcedures\ScheduleTask_GetByEmployee.sql
		DataBase\StoredProcedures\Severity_GetAll.sql = DataBase\StoredProcedures\Severity_GetAll.sql
		DataBase\StoredProcedures\Unidad_Activate.sql = DataBase\StoredProcedures\Unidad_Activate.sql
		DataBase\StoredProcedures\Unidad_GetActive.sql = DataBase\StoredProcedures\Unidad_GetActive.sql
		DataBase\StoredProcedures\Unidad_GetAll.sql = DataBase\StoredProcedures\Unidad_GetAll.sql
		DataBase\StoredProcedures\Unidad_GetById.sql = DataBase\StoredProcedures\Unidad_GetById.sql
		DataBase\StoredProcedures\Unidad_Inactivate.sql = DataBase\StoredProcedures\Unidad_Inactivate.sql
		DataBase\StoredProcedures\Unidad_Insert.sql = DataBase\StoredProcedures\Unidad_Insert.sql
		DataBase\StoredProcedures\Unidad_Update.sql = DataBase\StoredProcedures\Unidad_Update.sql
		DataBase\StoredProcedures\UploadFiled_Inactive.sql = DataBase\StoredProcedures\UploadFiled_Inactive.sql
		DataBase\StoredProcedures\UploadFiles_GetById.sql = DataBase\StoredProcedures\UploadFiles_GetById.sql
		DataBase\StoredProcedures\UploadFiles_GetByItem.sql = DataBase\StoredProcedures\UploadFiles_GetByItem.sql
		DataBase\StoredProcedures\UploadFiles_Insert.sql = DataBase\StoredProcedures\UploadFiles_Insert.sql
		DataBase\StoredProcedures\User_GetByCompanyId.sql = DataBase\StoredProcedures\User_GetByCompanyId.sql
		DataBase\StoredProcedures\User_GetById.sql = DataBase\StoredProcedures\User_GetById.sql
	EndProjectSection
EndProject
Global
	GlobalSection(SolutionConfigurationPlatforms) = preSolution
		Debug|Any CPU = Debug|Any CPU
		Release|Any CPU = Release|Any CPU
	EndGlobalSection
	GlobalSection(ProjectConfigurationPlatforms) = postSolution
		{B38D5BF1-8652-4D26-807A-99852AC56A91}.Debug|Any CPU.ActiveCfg = Debug|Any CPU
		{B38D5BF1-8652-4D26-807A-99852AC56A91}.Debug|Any CPU.Build.0 = Debug|Any CPU
		{B38D5BF1-8652-4D26-807A-99852AC56A91}.Release|Any CPU.ActiveCfg = Debug|Any CPU
		{B38D5BF1-8652-4D26-807A-99852AC56A91}.Release|Any CPU.Build.0 = Debug|Any CPU
		{ACADB79E-9811-43F5-B82C-B15BD44BF93B}.Debug|Any CPU.ActiveCfg = Debug|Any CPU
		{ACADB79E-9811-43F5-B82C-B15BD44BF93B}.Debug|Any CPU.Build.0 = Debug|Any CPU
		{ACADB79E-9811-43F5-B82C-B15BD44BF93B}.Release|Any CPU.ActiveCfg = Release|Any CPU
		{ACADB79E-9811-43F5-B82C-B15BD44BF93B}.Release|Any CPU.Build.0 = Release|Any CPU
		{C05BF57E-B756-4D71-A669-5E0261CD1697}.Debug|Any CPU.ActiveCfg = Debug|Any CPU
		{C05BF57E-B756-4D71-A669-5E0261CD1697}.Debug|Any CPU.Build.0 = Debug|Any CPU
		{C05BF57E-B756-4D71-A669-5E0261CD1697}.Release|Any CPU.ActiveCfg = Release|Any CPU
		{C05BF57E-B756-4D71-A669-5E0261CD1697}.Release|Any CPU.Build.0 = Release|Any CPU
	EndGlobalSection
	GlobalSection(SolutionProperties) = preSolution
		HideSolutionNode = FALSE
	EndGlobalSection
	GlobalSection(NestedProjects) = preSolution
		{3E5E5AAD-7EAC-4222-8AAE-88882862D36E} = {EB802F83-E581-4C4B-9B16-7D00D66C9329}
		{299EB5F3-432C-4976-99BD-567077513E89} = {3E5E5AAD-7EAC-4222-8AAE-88882862D36E}
		{A0FB6E49-D552-453F-806C-E7B5A2D2C54B} = {3E5E5AAD-7EAC-4222-8AAE-88882862D36E}
	EndGlobalSection
	GlobalSection(ExtensibilityGlobals) = postSolution
		SolutionGuid = {44680C79-B98C-4DAF-B114-36E39FAAA28D}
	EndGlobalSection
EndGlobal
